GEM
  remote: https://rubygems.org/
  specs:
    ansi (1.5.0)
    builder (3.3.0)
    minitest (5.26.1)
    minitest-reporters (1.7.1)
      ansi
      builder
      minitest (>= 5.0)
      ruby-progressbar
    ruby-progressbar (1.13.0)

PLATFORMS
  aarch64-linux
  ruby

DEPENDENCIES
  minitest (~> 5.20)
  minitest-reporters (~> 1.6)

RUBY VERSION
   ruby 3.3.10p183

BUNDLED WITH
   2.5.22
